
Microsoft Visual Studio Solution File, Format Version 12.00
# Visual Studio Version 17
VisualStudioVersion = 17.0.31903.59
MinimumVisualStudioVersion = 10.0.40219.1
Project("{FAE04EC0-301F-11D3-BF4B-00C04F79EFBC}") = "tienda.WebAPI", "tienda.WebAPI\tienda.WebAPI.csproj", "{2FD5CA0E-8855-493B-906A-A6BF1550FCDA}"
EndProject
Project("{FAE04EC0-301F-11D3-BF4B-00C04F79EFBC}") = "tienda.Application", "tienda.Application\tienda.Application.csproj", "{74DC531F-CECB-4407-8937-C09709E15F0A}"
EndProject
Project("{FAE04EC0-301F-11D3-BF4B-00C04F79EFBC}") = "tienda.Domain", "tienda.Domain\tienda.Domain.csproj", "{5ECAB0E7-02A3-4FD4-B524-52F0964DC8AD}"
EndProject
Project("{FAE04EC0-301F-11D3-BF4B-00C04F79EFBC}") = "tienda.Infrastructure", "tienda.Infrastructure\tienda.Infrastructure.csproj", "{D1B7227E-A386-4469-83CB-C3292E0FA69D}"
EndProject
Global
	GlobalSection(SolutionConfigurationPlatforms) = preSolution
		Debug|Any CPU = Debug|Any CPU
		Release|Any CPU = Release|Any CPU
	EndGlobalSection
	GlobalSection(SolutionProperties) = preSolution
		HideSolutionNode = FALSE
	EndGlobalSection
	GlobalSection(ProjectConfigurationPlatforms) = postSolution
		{2FD5CA0E-8855-493B-906A-A6BF1550FCDA}.Debug|Any CPU.ActiveCfg = Debug|Any CPU
		{2FD5CA0E-8855-493B-906A-A6BF1550FCDA}.Debug|Any CPU.Build.0 = Debug|Any CPU
		{2FD5CA0E-8855-493B-906A-A6BF1550FCDA}.Release|Any CPU.ActiveCfg = Release|Any CPU
		{2FD5CA0E-8855-493B-906A-A6BF1550FCDA}.Release|Any CPU.Build.0 = Release|Any CPU
		{74DC531F-CECB-4407-8937-C09709E15F0A}.Debug|Any CPU.ActiveCfg = Debug|Any CPU
		{74DC531F-CECB-4407-8937-C09709E15F0A}.Debug|Any CPU.Build.0 = Debug|Any CPU
		{74DC531F-CECB-4407-8937-C09709E15F0A}.Release|Any CPU.ActiveCfg = Release|Any CPU
		{74DC531F-CECB-4407-8937-C09709E15F0A}.Release|Any CPU.Build.0 = Release|Any CPU
		{5ECAB0E7-02A3-4FD4-B524-52F0964DC8AD}.Debug|Any CPU.ActiveCfg = Debug|Any CPU
		{5ECAB0E7-02A3-4FD4-B524-52F0964DC8AD}.Debug|Any CPU.Build.0 = Debug|Any CPU
		{5ECAB0E7-02A3-4FD4-B524-52F0964DC8AD}.Release|Any CPU.ActiveCfg = Release|Any CPU
		{5ECAB0E7-02A3-4FD4-B524-52F0964DC8AD}.Release|Any CPU.Build.0 = Release|Any CPU
		{D1B7227E-A386-4469-83CB-C3292E0FA69D}.Debug|Any CPU.ActiveCfg = Debug|Any CPU
		{D1B7227E-A386-4469-83CB-C3292E0FA69D}.Debug|Any CPU.Build.0 = Debug|Any CPU
		{D1B7227E-A386-4469-83CB-C3292E0FA69D}.Release|Any CPU.ActiveCfg = Release|Any CPU
		{D1B7227E-A386-4469-83CB-C3292E0FA69D}.Release|Any CPU.Build.0 = Release|Any CPU
	EndGlobalSection
EndGlobal
